// !$*UTF8*$!
{
	archiveVersion = 1;
	classes = {
	};
	objectVersion = 55;
	objects = {

/* Begin PBXBuildFile section */
		06D63F0C277B4309002AB568 /* AppDelegate.swift in Sources */ = {isa = PBXBuildFile; fileRef = 06D63F0B277B4309002AB568 /* AppDelegate.swift */; };
		06D63F0E277B4309002AB568 /* SceneDelegate.swift in Sources */ = {isa = PBXBuildFile; fileRef = 06D63F0D277B4309002AB568 /* SceneDelegate.swift */; };
		06D63F13277B4309002AB568 /* Main.storyboard in Resources */ = {isa = PBXBuildFile; fileRef = 06D63F11277B4309002AB568 /* Main.storyboard */; };
		06D63F15277B430B002AB568 /* Assets.xcassets in Resources */ = {isa = PBXBuildFile; fileRef = 06D63F14277B430B002AB568 /* Assets.xcassets */; };
		06D63F18277B430B002AB568 /* LaunchScreen.storyboard in Resources */ = {isa = PBXBuildFile; fileRef = 06D63F16277B430B002AB568 /* LaunchScreen.storyboard */; };
		06D63F20277B468D002AB568 /* PersonsListViewController.swift in Sources */ = {isa = PBXBuildFile; fileRef = 06D63F1F277B468D002AB568 /* PersonsListViewController.swift */; };
		06D63F22277B4920002AB568 /* ContactListViewController.swift in Sources */ = {isa = PBXBuildFile; fileRef = 06D63F21277B4920002AB568 /* ContactListViewController.swift */; };
		06D63F2C277B500A002AB568 /* model.swift in Sources */ = {isa = PBXBuildFile; fileRef = 06D63F2B277B500A002AB568 /* model.swift */; };
		06D63F2F277B546B002AB568 /* DataManager.swift in Sources */ = {isa = PBXBuildFile; fileRef = 06D63F2E277B546B002AB568 /* DataManager.swift */; };
		06D63F32277B75FC002AB568 /* TabBarViewController.swift in Sources */ = {isa = PBXBuildFile; fileRef = 06D63F31277B75FC002AB568 /* TabBarViewController.swift */; };
/* End PBXBuildFile section */

/* Begin PBXFileReference section */
		06D63F08277B4309002AB568 /* ContactBook.app */ = {isa = PBXFileReference; explicitFileType = wrapper.application; includeInIndex = 0; path = ContactBook.app; sourceTree = BUILT_PRODUCTS_DIR; };
		06D63F0B277B4309002AB568 /* AppDelegate.swift */ = {isa = PBXFileReference; lastKnownFileType = sourcecode.swift; path = AppDelegate.swift; sourceTree = "<group>"; };
		06D63F0D277B4309002AB568 /* SceneDelegate.swift */ = {isa = PBXFileReference; lastKnownFileType = sourcecode.swift; path = SceneDelegate.swift; sourceTree = "<group>"; };
		06D63F12277B4309002AB568 /* Base */ = {isa = PBXFileReference; lastKnownFileType = file.storyboard; name = Base; path = Base.lproj/Main.storyboard; sourceTree = "<group>"; };
		06D63F14277B430B002AB568 /* Assets.xcassets */ = {isa = PBXFileReference; lastKnownFileType = folder.assetcatalog; path = Assets.xcassets; sourceTree = "<group>"; };
		06D63F17277B430B002AB568 /* Base */ = {isa = PBXFileReference; lastKnownFileType = file.storyboard; name = Base; path = Base.lproj/LaunchScreen.storyboard; sourceTree = "<group>"; };
		06D63F19277B430B002AB568 /* Info.plist */ = {isa = PBXFileReference; lastKnownFileType = text.plist.xml; path = Info.plist; sourceTree = "<group>"; };
		06D63F1F277B468D002AB568 /* PersonsListViewController.swift */ = {isa = PBXFileReference; lastKnownFileType = sourcecode.swift; path = PersonsListViewController.swift; sourceTree = "<group>"; };
		06D63F21277B4920002AB568 /* ContactListViewController.swift */ = {isa = PBXFileReference; lastKnownFileType = sourcecode.swift; path = ContactListViewController.swift; sourceTree = "<group>"; };
		06D63F2B277B500A002AB568 /* model.swift */ = {isa = PBXFileReference; lastKnownFileType = sourcecode.swift; path = model.swift; sourceTree = "<group>"; };
		06D63F2E277B546B002AB568 /* DataManager.swift */ = {isa = PBXFileReference; lastKnownFileType = sourcecode.swift; path = DataManager.swift; sourceTree = "<group>"; };
		06D63F31277B75FC002AB568 /* TabBarViewController.swift */ = {isa = PBXFileReference; lastKnownFileType = sourcecode.swift; path = TabBarViewController.swift; sourceTree = "<group>"; };
/* End PBXFileReference section */

/* Begin PBXFrameworksBuildPhase section */
		06D63F05277B4309002AB568 /* Frameworks */ = {
			isa = PBXFrameworksBuildPhase;
			buildActionMask = 2147483647;
			files = (
			);
			runOnlyForDeploymentPostprocessing = 0;
		};
/* End PBXFrameworksBuildPhase section */

/* Begin PBXGroup section */
		06D63EFF277B4309002AB568 = {
			isa = PBXGroup;
			children = (
				06D63F0A277B4309002AB568 /* ContactBook */,
				06D63F09277B4309002AB568 /* Products */,
			);
			sourceTree = "<group>";
		};
		06D63F09277B4309002AB568 /* Products */ = {
			isa = PBXGroup;
			children = (
				06D63F08277B4309002AB568 /* ContactBook.app */,
			);
			name = Products;
			sourceTree = "<group>";
		};
		06D63F0A277B4309002AB568 /* ContactBook */ = {
			isa = PBXGroup;
			children = (
				06D63F23277B4BF9002AB568 /* ViewControllers */,
				06D63F2D277B5011002AB568 /* Models */,
				06D63F30277B5B99002AB568 /* Services */,
				06D63F24277B4C0E002AB568 /* StoryBoards */,
				06D63F25277B4C2F002AB568 /* SupportFiles */,
				06D63F26277B4C44002AB568 /* Sources */,
			);
			path = ContactBook;
			sourceTree = "<group>";
		};
		06D63F23277B4BF9002AB568 /* ViewControllers */ = {
			isa = PBXGroup;
			children = (
				06D63F1F277B468D002AB568 /* PersonsListViewController.swift */,
				06D63F21277B4920002AB568 /* ContactListViewController.swift */,
				06D63F31277B75FC002AB568 /* TabBarViewController.swift */,
			);
			path = ViewControllers;
			sourceTree = "<group>";
		};
		06D63F24277B4C0E002AB568 /* StoryBoards */ = {
			isa = PBXGroup;
			children = (
				06D63F11277B4309002AB568 /* Main.storyboard */,
				06D63F16277B430B002AB568 /* LaunchScreen.storyboard */,
			);
			path = StoryBoards;
			sourceTree = "<group>";
		};
		06D63F25277B4C2F002AB568 /* SupportFiles */ = {
			isa = PBXGroup;
			children = (
				06D63F0B277B4309002AB568 /* AppDelegate.swift */,
				06D63F0D277B4309002AB568 /* SceneDelegate.swift */,
				06D63F19277B430B002AB568 /* Info.plist */,
			);
			path = SupportFiles;
			sourceTree = "<group>";
		};
		06D63F26277B4C44002AB568 /* Sources */ = {
			isa = PBXGroup;
			children = (
				06D63F14277B430B002AB568 /* Assets.xcassets */,
			);
			path = Sources;
			sourceTree = "<group>";
		};
		06D63F2D277B5011002AB568 /* Models */ = {
			isa = PBXGroup;
			children = (
				06D63F2B277B500A002AB568 /* model.swift */,
			);
			path = Models;
			sourceTree = "<group>";
		};
		06D63F30277B5B99002AB568 /* Services */ = {
			isa = PBXGroup;
			children = (
				06D63F2E277B546B002AB568 /* DataManager.swift */,
			);
			path = Services;
			sourceTree = "<group>";
		};
/* End PBXGroup section */

/* Begin PBXNativeTarget section */
		06D63F07277B4309002AB568 /* ContactBook */ = {
			isa = PBXNativeTarget;
			buildConfigurationList = 06D63F1C277B430B002AB568 /* Build configuration list for PBXNativeTarget "ContactBook" */;
			buildPhases = (
				06D63F04277B4309002AB568 /* Sources */,
				06D63F05277B4309002AB568 /* Frameworks */,
				06D63F06277B4309002AB568 /* Resources */,
			);
			buildRules = (
			);
			dependencies = (
			);
			name = ContactBook;
			productName = ContactBook;
			productReference = 06D63F08277B4309002AB568 /* ContactBook.app */;
			productType = "com.apple.product-type.application";
		};
/* End PBXNativeTarget section */

/* Begin PBXProject section */
		06D63F00277B4309002AB568 /* Project object */ = {
			isa = PBXProject;
			attributes = {
				BuildIndependentTargetsInParallel = 1;
				LastSwiftUpdateCheck = 1320;
				LastUpgradeCheck = 1320;
				TargetAttributes = {
					06D63F07277B4309002AB568 = {
						CreatedOnToolsVersion = 13.2.1;
					};
				};
			};
			buildConfigurationList = 06D63F03277B4309002AB568 /* Build configuration list for PBXProject "ContactBook" */;
			compatibilityVersion = "Xcode 13.0";
			developmentRegion = en;
			hasScannedForEncodings = 0;
			knownRegions = (
				en,
				Base,
			);
			mainGroup = 06D63EFF277B4309002AB568;
			productRefGroup = 06D63F09277B4309002AB568 /* Products */;
			projectDirPath = "";
			projectRoot = "";
			targets = (
				06D63F07277B4309002AB568 /* ContactBook */,
			);
		};
/* End PBXProject section */

/* Begin PBXResourcesBuildPhase section */
		06D63F06277B4309002AB568 /* Resources */ = {
			isa = PBXResourcesBuildPhase;
			buildActionMask = 2147483647;
			files = (
				06D63F18277B430B002AB568 /* LaunchScreen.storyboard in Resources */,
				06D63F15277B430B002AB568 /* Assets.xcassets in Resources */,
				06D63F13277B4309002AB568 /* Main.storyboard in Resources */,
			);
			runOnlyForDeploymentPostprocessing = 0;
		};
/* End PBXResourcesBuildPhase section */

/* Begin PBXSourcesBuildPhase section */
		06D63F04277B4309002AB568 /* Sources */ = {
			isa = PBXSourcesBuildPhase;
			buildActionMask = 2147483647;
			files = (
				06D63F0C277B4309002AB568 /* AppDelegate.swift in Sources */,
				06D63F2C277B500A002AB568 /* model.swift in Sources */,
				06D63F22277B4920002AB568 /* ContactListViewController.swift in Sources */,
				06D63F2F277B546B002AB568 /* DataManager.swift in Sources */,
				06D63F32277B75FC002AB568 /* TabBarViewController.swift in Sources */,
				06D63F20277B468D002AB568 /* PersonsListViewController.swift in Sources */,
				06D63F0E277B4309002AB568 /* SceneDelegate.swift in Sources */,
			);
			runOnlyForDeploymentPostprocessing = 0;
		};
/* End PBXSourcesBuildPhase section */

/* Begin PBXVariantGroup section */
		06D63F11277B4309002AB568 /* Main.storyboard */ = {
			isa = PBXVariantGroup;
			children = (
				06D63F12277B4309002AB568 /* Base */,
			);
			name = Main.storyboard;
			sourceTree = "<group>";
		};
		06D63F16277B430B002AB568 /* LaunchScreen.storyboard */ = {
			isa = PBXVariantGroup;
			children = (
				06D63F17277B430B002AB568 /* Base */,
			);
			name = LaunchScreen.storyboard;
			sourceTree = "<group>";
		};
/* End PBXVariantGroup section */

/* Begin XCBuildConfiguration section */
		06D63F1A277B430B002AB568 /* Debug */ = {
			isa = XCBuildConfiguration;
			buildSettings = {
				ALWAYS_SEARCH_USER_PATHS = NO;
				CLANG_ANALYZER_NONNULL = YES;
				CLANG_ANALYZER_NUMBER_OBJECT_CONVERSION = YES_AGGRESSIVE;
				CLANG_CXX_LANGUAGE_STANDARD = "gnu++17";
				CLANG_CXX_LIBRARY = "libc++";
				CLANG_ENABLE_MODULES = YES;
				CLANG_ENABLE_OBJC_ARC = YES;
				CLANG_ENABLE_OBJC_WEAK = YES;
				CLANG_WARN_BLOCK_CAPTURE_AUTORELEASING = YES;
				CLANG_WARN_BOOL_CONVERSION = YES;
				CLANG_WARN_COMMA = YES;
				CLANG_WARN_CONSTANT_CONVERSION = YES;
				CLANG_WARN_DEPRECATED_OBJC_IMPLEMENTATIONS = YES;
				CLANG_WARN_DIRECT_OBJC_ISA_USAGE = YES_ERROR;
				CLANG_WARN_DOCUMENTATION_COMMENTS = YES;
				CLANG_WARN_EMPTY_BODY = YES;
				CLANG_WARN_ENUM_CONVERSION = YES;
				CLANG_WARN_INFINITE_RECURSION = YES;
				CLANG_WARN_INT_CONVERSION = YES;
				CLANG_WARN_NON_LITERAL_NULL_CONVERSION = YES;
				CLANG_WARN_OBJC_IMPLICIT_RETAIN_SELF = YES;
				CLANG_WARN_OBJC_LITERAL_CONVERSION = YES;
				CLANG_WARN_OBJC_ROOT_CLASS = YES_ERROR;
				CLANG_WARN_QUOTED_INCLUDE_IN_FRAMEWORK_HEADER = YES;
				CLANG_WARN_RANGE_LOOP_ANALYSIS = YES;
				CLANG_WARN_STRICT_PROTOTYPES = YES;
				CLANG_WARN_SUSPICIOUS_MOVE = YES;
				CLANG_WARN_UNGUARDED_AVAILABILITY = YES_AGGRESSIVE;
				CLANG_WARN_UNREACHABLE_CODE = YES;
				CLANG_WARN__DUPLICATE_METHOD_MATCH = YES;
				COPY_PHASE_STRIP = NO;
				DEBUG_INFORMATION_FORMAT = dwarf;
				ENABLE_STRICT_OBJC_MSGSEND = YES;
				ENABLE_TESTABILITY = YES;
				GCC_C_LANGUAGE_STANDARD = gnu11;
				GCC_DYNAMIC_NO_PIC = NO;
				GCC_NO_COMMON_BLOCKS = YES;
				GCC_OPTIMIZATION_LEVEL = 0;
				GCC_PREPROCESSOR_DEFINITIONS = (
					"DEBUG=1",
					"$(inherited)",
				);
				GCC_WARN_64_TO_32_BIT_CONVERSION = YES;
				GCC_WARN_ABOUT_RETURN_TYPE = YES_ERROR;
				GCC_WARN_UNDECLARED_SELECTOR = YES;
				GCC_WARN_UNINITIALIZED_AUTOS = YES_AGGRESSIVE;
				GCC_WARN_UNUSED_FUNCTION = YES;
				GCC_WARN_UNUSED_VARIABLE = YES;
				IPHONEOS_DEPLOYMENT_TARGET = 15.2;
				MTL_ENABLE_DEBUG_INFO = INCLUDE_SOURCE;
				MTL_FAST_MATH = YES;
				ONLY_ACTIVE_ARCH = YES;
				SDKROOT = iphoneos;
				SWIFT_ACTIVE_COMPILATION_CONDITIONS = DEBUG;
				SWIFT_OPTIMIZATION_LEVEL = "-Onone";
			};
			name = Debug;
		};
		06D63F1B277B430B002AB568 /* Release */ = {
			isa = XCBuildConfiguration;
			buildSettings = {
				ALWAYS_SEARCH_USER_PATHS = NO;
				CLANG_ANALYZER_NONNULL = YES;
				CLANG_ANALYZER_NUMBER_OBJECT_CONVERSION = YES_AGGRESSIVE;
				CLANG_CXX_LANGUAGE_STANDARD = "gnu++17";
				CLANG_CXX_LIBRARY = "libc++";
				CLANG_ENABLE_MODULES = YES;
				CLANG_ENABLE_OBJC_ARC = YES;
				CLANG_ENABLE_OBJC_WEAK = YES;
				CLANG_WARN_BLOCK_CAPTURE_AUTORELEASING = YES;
				CLANG_WARN_BOOL_CONVERSION = YES;
				CLANG_WARN_COMMA = YES;
				CLANG_WARN_CONSTANT_CONVERSION = YES;
				CLANG_WARN_DEPRECATED_OBJC_IMPLEMENTATIONS = YES;
				CLANG_WARN_DIRECT_OBJC_ISA_USAGE = YES_ERROR;
				CLANG_WARN_DOCUMENTATION_COMMENTS = YES;
				CLANG_WARN_EMPTY_BODY = YES;
				CLANG_WARN_ENUM_CONVERSION = YES;
				CLANG_WARN_INFINITE_RECURSION = YES;
				CLANG_WARN_INT_CONVERSION = YES;
				CLANG_WARN_NON_LITERAL_NULL_CONVERSION = YES;
				CLANG_WARN_OBJC_IMPLICIT_RETAIN_SELF = YES;
				CLANG_WARN_OBJC_LITERAL_CONVERSION = YES;
				CLANG_WARN_OBJC_ROOT_CLASS = YES_ERROR;
				CLANG_WARN_QUOTED_INCLUDE_IN_FRAMEWORK_HEADER = YES;
				CLANG_WARN_RANGE_LOOP_ANALYSIS = YES;
				CLANG_WARN_STRICT_PROTOTYPES = YES;
				CLANG_WARN_SUSPICIOUS_MOVE = YES;
				CLANG_WARN_UNGUARDED_AVAILABILITY = YES_AGGRESSIVE;
				CLANG_WARN_UNREACHABLE_CODE = YES;
				CLANG_WARN__DUPLICATE_METHOD_MATCH = YES;
				COPY_PHASE_STRIP = NO;
				DEBUG_INFORMATION_FORMAT = "dwarf-with-dsym";
				ENABLE_NS_ASSERTIONS = NO;
				ENABLE_STRICT_OBJC_MSGSEND = YES;
				GCC_C_LANGUAGE_STANDARD = gnu11;
				GCC_NO_COMMON_BLOCKS = YES;
				GCC_WARN_64_TO_32_BIT_CONVERSION = YES;
				GCC_WARN_ABOUT_RETURN_TYPE = YES_ERROR;
				GCC_WARN_UNDECLARED_SELECTOR = YES;
				GCC_WARN_UNINITIALIZED_AUTOS = YES_AGGRESSIVE;
				GCC_WARN_UNUSED_FUNCTION = YES;
				GCC_WARN_UNUSED_VARIABLE = YES;
				IPHONEOS_DEPLOYMENT_TARGET = 15.2;
				MTL_ENABLE_DEBUG_INFO = NO;
				MTL_FAST_MATH = YES;
				SDKROOT = iphoneos;
				SWIFT_COMPILATION_MODE = wholemodule;
				SWIFT_OPTIMIZATION_LEVEL = "-O";
				VALIDATE_PRODUCT = YES;
			};
			name = Release;
		};
		06D63F1D277B430B002AB568 /* Debug */ = {
			isa = XCBuildConfiguration;
			buildSettings = {
				ASSETCATALOG_COMPILER_APPICON_NAME = AppIcon;
				ASSETCATALOG_COMPILER_GLOBAL_ACCENT_COLOR_NAME = AccentColor;
				CODE_SIGN_STYLE = Automatic;
				CURRENT_PROJECT_VERSION = 1;
				DEVELOPMENT_TEAM = 3HS3UN4N9J;
				GENERATE_INFOPLIST_FILE = YES;
				INFOPLIST_FILE = ContactBook/SupportFiles/Info.plist;
				INFOPLIST_KEY_UIApplicationSupportsIndirectInputEvents = YES;
				INFOPLIST_KEY_UILaunchStoryboardName = LaunchScreen;
				INFOPLIST_KEY_UIMainStoryboardFile = Main;
				INFOPLIST_KEY_UISupportedInterfaceOrientations_iPad = "UIInterfaceOrientationPortrait UIInterfaceOrientationPortraitUpsideDown UIInterfaceOrientationLandscapeLeft UIInterfaceOrientationLandscapeRight";
				INFOPLIST_KEY_UISupportedInterfaceOrientations_iPhone = "UIInterfaceOrientationPortrait UIInterfaceOrientationLandscapeLeft UIInterfaceOrientationLandscapeRight";
				IPHONEOS_DEPLOYMENT_TARGET = 15.0;
				LD_RUNPATH_SEARCH_PATHS = (
					"$(inherited)",
					"@executable_path/Frameworks",
				);
				MARKETING_VERSION = 1.0;
				PRODUCT_BUNDLE_IDENTIFIER = ru.dybedy.ContactBook;
				PRODUCT_NAME = "$(TARGET_NAME)";
				SWIFT_EMIT_LOC_STRINGS = YES;
				SWIFT_VERSION = 5.0;
				TARGETED_DEVICE_FAMILY = "1,2";
			};
			name = Debug;
		};
		06D63F1E277B430B002AB568 /* Release */ = {
			isa = XCBuildConfiguration;
			buildSettings = {
				ASSETCATALOG_COMPILER_APPICON_NAME = AppIcon;
				ASSETCATALOG_COMPILER_GLOBAL_ACCENT_COLOR_NAME = AccentColor;
				CODE_SIGN_STYLE = Automatic;
				CURRENT_PROJECT_VERSION = 1;
				DEVELOPMENT_TEAM = 3HS3UN4N9J;
				GENERATE_INFOPLIST_FILE = YES;
				INFOPLIST_FILE = ContactBook/SupportFiles/Info.plist;
				INFOPLIST_KEY_UIApplicationSupportsIndirectInputEvents = YES;
				INFOPLIST_KEY_UILaunchStoryboardName = LaunchScreen;
				INFOPLIST_KEY_UIMainStoryboardFile = Main;
				INFOPLIST_KEY_UISupportedInterfaceOrientations_iPad = "UIInterfaceOrientationPortrait UIInterfaceOrientationPortraitUpsideDown UIInterfaceOrientationLandscapeLeft UIInterfaceOrientationLandscapeRight";
				INFOPLIST_KEY_UISupportedInterfaceOrientations_iPhone = "UIInterfaceOrientationPortrait UIInterfaceOrientationLandscapeLeft UIInterfaceOrientationLandscapeRight";
				IPHONEOS_DEPLOYMENT_TARGET = 15.0;
				LD_RUNPATH_SEARCH_PATHS = (
					"$(inherited)",
					"@executable_path/Frameworks",
				);
				MARKETING_VERSION = 1.0;
				PRODUCT_BUNDLE_IDENTIFIER = ru.dybedy.ContactBook;
				PRODUCT_NAME = "$(TARGET_NAME)";
				SWIFT_EMIT_LOC_STRINGS = YES;
				SWIFT_VERSION = 5.0;
				TARGETED_DEVICE_FAMILY = "1,2";
			};
			name = Release;
		};
/* End XCBuildConfiguration section */

/* Begin XCConfigurationList section */
		06D63F03277B4309002AB568 /* Build configuration list for PBXProject "ContactBook" */ = {
			isa = XCConfigurationList;
			buildConfigurations = (
				06D63F1A277B430B002AB568 /* Debug */,
				06D63F1B277B430B002AB568 /* Release */,
			);
			defaultConfigurationIsVisible = 0;
			defaultConfigurationName = Release;
		};
		06D63F1C277B430B002AB568 /* Build configuration list for PBXNativeTarget "ContactBook" */ = {
			isa = XCConfigurationList;
			buildConfigurations = (
				06D63F1D277B430B002AB568 /* Debug */,
				06D63F1E277B430B002AB568 /* Release */,
			);
			defaultConfigurationIsVisible = 0;
			defaultConfigurationName = Release;
		};
/* End XCConfigurationList section */
	};
	rootObject = 06D63F00277B4309002AB568 /* Project object */;
}
